PODS:
  - MOLAuthenticatingURLSession (2.4):
    - MOLCertificate (~> 1.8)
  - MOLCertificate (1.8)
  - OCMock (3.3.1)

DEPENDENCIES:
  - MOLAuthenticatingURLSession
  - OCMock

SPEC CHECKSUMS:
  MOLAuthenticatingURLSession: c238aa1c9a7b1077eb39a6f40204bfe76a7d204e
  MOLCertificate: c999513316d511c69f290fbf313dfe8dca4ad592
  OCMock: f3f61e6eaa16038c30caa5798c5e49d3307b6f22

PODFILE CHECKSUM: a4fdf6b94e76c7c0162168a4bca38eed82df7da6

COCOAPODS: 1.4.0
