// !$*UTF8*$!
{
	archiveVersion = 1;
	classes = {
	};
	objectVersion = 46;
	objects = {

/* Begin PBXBuildFile section */
		3CC4A73D472D8FFFDBAB2C11 /* libPods-MOLFCMClient.a in Frameworks */ = {isa = PBXBuildFile; fileRef = 49316294A5668E207F936A33 /* libPods-MOLFCMClient.a */; };
		C734003D204724260040B1FE /* MOLFCMClient.m in Sources */ = {isa = PBXBuildFile; fileRef = C734003B204723F70040B1FE /* MOLFCMClient.m */; };
		C734003E2047243E0040B1FE /* MOLFCMClient.h in Headers */ = {isa = PBXBuildFile; fileRef = C734003C204723F70040B1FE /* MOLFCMClient.h */; settings = {ATTRIBUTES = (Public, ); }; };
		C7340042204725880040B1FE /* libMOLFCMClient.dylib in Frameworks */ = {isa = PBXBuildFile; fileRef = C7D5F1551DB0208200F5F4DD /* libMOLFCMClient.dylib */; };
		C7671BFA2031EDD7005EB525 /* main.m in Sources */ = {isa = PBXBuildFile; fileRef = C7671BF92031EDD7005EB525 /* main.m */; };
		C7D5F16A1DB021F600F5F4DD /* MOLFCMClientTests.m in Sources */ = {isa = PBXBuildFile; fileRef = C7D5F1691DB021F600F5F4DD /* MOLFCMClientTests.m */; };
		C7D5F16C1DB021F600F5F4DD /* libMOLFCMClient.dylib in Frameworks */ = {isa = PBXBuildFile; fileRef = C7D5F1551DB0208200F5F4DD /* libMOLFCMClient.dylib */; };
		EAA5124C1F0F6F1DE58B96DD /* libPods-MOLFCMClientTests.a in Frameworks */ = {isa = PBXBuildFile; fileRef = 63845C01091D90E009C7EA3B /* libPods-MOLFCMClientTests.a */; };
/* End PBXBuildFile section */

/* Begin PBXContainerItemProxy section */
		C734003F204724700040B1FE /* PBXContainerItemProxy */ = {
			isa = PBXContainerItemProxy;
			containerPortal = C7D5F14D1DB0208200F5F4DD /* Project object */;
			proxyType = 1;
			remoteGlobalIDString = C7D5F1541DB0208200F5F4DD;
			remoteInfo = MOLFCMClient;
		};
		C7D5F16D1DB021F600F5F4DD /* PBXContainerItemProxy */ = {
			isa = PBXContainerItemProxy;
			containerPortal = C7D5F14D1DB0208200F5F4DD /* Project object */;
			proxyType = 1;
			remoteGlobalIDString = C7D5F1541DB0208200F5F4DD;
			remoteInfo = MOLFCMClient;
		};
/* End PBXContainerItemProxy section */

/* Begin PBXCopyFilesBuildPhase section */
		C7671BF52031EDD7005EB525 /* CopyFiles */ = {
			isa = PBXCopyFilesBuildPhase;
			buildActionMask = 2147483647;
			dstPath = /usr/share/man/man1/;
			dstSubfolderSpec = 0;
			files = (
			);
			runOnlyForDeploymentPostprocessing = 1;
		};
/* End PBXCopyFilesBuildPhase section */

/* Begin PBXFileReference section */
		2B9DBF2E1EC400C48AF21630 /* Pods-MOLFCMClient.debug.xcconfig */ = {isa = PBXFileReference; includeInIndex = 1; lastKnownFileType = text.xcconfig; name = "Pods-MOLFCMClient.debug.xcconfig"; path = "Pods/Target Support Files/Pods-MOLFCMClient/Pods-MOLFCMClient.debug.xcconfig"; sourceTree = "<group>"; };
		49316294A5668E207F936A33 /* libPods-MOLFCMClient.a */ = {isa = PBXFileReference; explicitFileType = archive.ar; includeInIndex = 0; path = "libPods-MOLFCMClient.a"; sourceTree = BUILT_PRODUCTS_DIR; };
		5DF6E32C51D2C24FEAE01A5C /* Pods-MOLFCMClient.release.xcconfig */ = {isa = PBXFileReference; includeInIndex = 1; lastKnownFileType = text.xcconfig; name = "Pods-MOLFCMClient.release.xcconfig"; path = "Pods/Target Support Files/Pods-MOLFCMClient/Pods-MOLFCMClient.release.xcconfig"; sourceTree = "<group>"; };
		63845C01091D90E009C7EA3B /* libPods-MOLFCMClientTests.a */ = {isa = PBXFileReference; explicitFileType = archive.ar; includeInIndex = 0; path = "libPods-MOLFCMClientTests.a"; sourceTree = BUILT_PRODUCTS_DIR; };
		8F37B52C9899F8948B22F59B /* Pods-MOLFCMClientTests.debug.xcconfig */ = {isa = PBXFileReference; includeInIndex = 1; lastKnownFileType = text.xcconfig; name = "Pods-MOLFCMClientTests.debug.xcconfig"; path = "Pods/Target Support Files/Pods-MOLFCMClientTests/Pods-MOLFCMClientTests.debug.xcconfig"; sourceTree = "<group>"; };
		9ACF5FE480BE1B2122A53943 /* Pods-MOLFCMClientTests.release.xcconfig */ = {isa = PBXFileReference; includeInIndex = 1; lastKnownFileType = text.xcconfig; name = "Pods-MOLFCMClientTests.release.xcconfig"; path = "Pods/Target Support Files/Pods-MOLFCMClientTests/Pods-MOLFCMClientTests.release.xcconfig"; sourceTree = "<group>"; };
		C734003B204723F70040B1FE /* MOLFCMClient.m */ = {isa = PBXFileReference; lastKnownFileType = sourcecode.c.objc; path = MOLFCMClient.m; sourceTree = "<group>"; };
		C734003C204723F70040B1FE /* MOLFCMClient.h */ = {isa = PBXFileReference; lastKnownFileType = sourcecode.c.h; path = MOLFCMClient.h; sourceTree = "<group>"; };
		C7671BF72031EDD7005EB525 /* test_client */ = {isa = PBXFileReference; explicitFileType = "compiled.mach-o.executable"; includeInIndex = 0; path = test_client; sourceTree = BUILT_PRODUCTS_DIR; };
		C7671BF92031EDD7005EB525 /* main.m */ = {isa = PBXFileReference; lastKnownFileType = sourcecode.c.objc; path = main.m; sourceTree = "<group>"; };
		C7D5F1551DB0208200F5F4DD /* libMOLFCMClient.dylib */ = {isa = PBXFileReference; explicitFileType = "compiled.mach-o.dylib"; includeInIndex = 0; path = libMOLFCMClient.dylib; sourceTree = BUILT_PRODUCTS_DIR; };
		C7D5F1671DB021F600F5F4DD /* MOLFCMClientTests.xctest */ = {isa = PBXFileReference; explicitFileType = wrapper.cfbundle; includeInIndex = 0; path = MOLFCMClientTests.xctest; sourceTree = BUILT_PRODUCTS_DIR; };
		C7D5F1691DB021F600F5F4DD /* MOLFCMClientTests.m */ = {isa = PBXFileReference; lastKnownFileType = sourcecode.c.objc; path = MOLFCMClientTests.m; sourceTree = "<group>"; };
		C7D5F16B1DB021F600F5F4DD /* Info.plist */ = {isa = PBXFileReference; lastKnownFileType = text.plist.xml; path = Info.plist; sourceTree = "<group>"; };
		D1909E978142AC9A61F6147A /* libPods-test_client.a */ = {isa = PBXFileReference; explicitFileType = archive.ar; includeInIndex = 0; path = "libPods-test_client.a"; sourceTree = BUILT_PRODUCTS_DIR; };
/* End PBXFileReference section */

/* Begin PBXFrameworksBuildPhase section */
		C7671BF42031EDD7005EB525 /* Frameworks */ = {
			isa = PBXFrameworksBuildPhase;
			buildActionMask = 2147483647;
			files = (
				C7340042204725880040B1FE /* libMOLFCMClient.dylib in Frameworks */,
			);
			runOnlyForDeploymentPostprocessing = 0;
		};
		C7D5F1521DB0208200F5F4DD /* Frameworks */ = {
			isa = PBXFrameworksBuildPhase;
			buildActionMask = 2147483647;
			files = (
				3CC4A73D472D8FFFDBAB2C11 /* libPods-MOLFCMClient.a in Frameworks */,
			);
			runOnlyForDeploymentPostprocessing = 0;
		};
		C7D5F1641DB021F600F5F4DD /* Frameworks */ = {
			isa = PBXFrameworksBuildPhase;
			buildActionMask = 2147483647;
			files = (
				C7D5F16C1DB021F600F5F4DD /* libMOLFCMClient.dylib in Frameworks */,
				EAA5124C1F0F6F1DE58B96DD /* libPods-MOLFCMClientTests.a in Frameworks */,
			);
			runOnlyForDeploymentPostprocessing = 0;
		};
/* End PBXFrameworksBuildPhase section */

/* Begin PBXGroup section */
		C46C5B18C29B9E474B7564B1 /* Frameworks */ = {
			isa = PBXGroup;
			children = (
				49316294A5668E207F936A33 /* libPods-MOLFCMClient.a */,
				63845C01091D90E009C7EA3B /* libPods-MOLFCMClientTests.a */,
				D1909E978142AC9A61F6147A /* libPods-test_client.a */,
			);
			name = Frameworks;
			sourceTree = "<group>";
		};
		C7340039204723F70040B1FE /* Source */ = {
			isa = PBXGroup;
			children = (
				C734003A204723F70040B1FE /* MOLFCMClient */,
			);
			path = Source;
			sourceTree = "<group>";
		};
		C734003A204723F70040B1FE /* MOLFCMClient */ = {
			isa = PBXGroup;
			children = (
				C734003C204723F70040B1FE /* MOLFCMClient.h */,
				C734003B204723F70040B1FE /* MOLFCMClient.m */,
			);
			path = MOLFCMClient;
			sourceTree = "<group>";
		};
		C7671BF82031EDD7005EB525 /* test_client */ = {
			isa = PBXGroup;
			children = (
				C7671BF92031EDD7005EB525 /* main.m */,
			);
			path = test_client;
			sourceTree = "<group>";
		};
		C7D5F14C1DB0208200F5F4DD = {
			isa = PBXGroup;
			children = (
				C7340039204723F70040B1FE /* Source */,
				C7D5F1681DB021F600F5F4DD /* MOLFCMClientTests */,
				C7671BF82031EDD7005EB525 /* test_client */,
				C7D5F1561DB0208200F5F4DD /* Products */,
				D56CF6A33BB8088A3C5A458E /* Pods */,
				C46C5B18C29B9E474B7564B1 /* Frameworks */,
			);
			sourceTree = "<group>";
		};
		C7D5F1561DB0208200F5F4DD /* Products */ = {
			isa = PBXGroup;
			children = (
				C7D5F1551DB0208200F5F4DD /* libMOLFCMClient.dylib */,
				C7D5F1671DB021F600F5F4DD /* MOLFCMClientTests.xctest */,
				C7671BF72031EDD7005EB525 /* test_client */,
			);
			name = Products;
			sourceTree = "<group>";
		};
		C7D5F1681DB021F600F5F4DD /* MOLFCMClientTests */ = {
			isa = PBXGroup;
			children = (
				C7D5F1691DB021F600F5F4DD /* MOLFCMClientTests.m */,
				C7D5F16B1DB021F600F5F4DD /* Info.plist */,
			);
			path = MOLFCMClientTests;
			sourceTree = "<group>";
		};
		D56CF6A33BB8088A3C5A458E /* Pods */ = {
			isa = PBXGroup;
			children = (
				2B9DBF2E1EC400C48AF21630 /* Pods-MOLFCMClient.debug.xcconfig */,
				5DF6E32C51D2C24FEAE01A5C /* Pods-MOLFCMClient.release.xcconfig */,
				8F37B52C9899F8948B22F59B /* Pods-MOLFCMClientTests.debug.xcconfig */,
				9ACF5FE480BE1B2122A53943 /* Pods-MOLFCMClientTests.release.xcconfig */,
			);
			name = Pods;
			sourceTree = "<group>";
		};
/* End PBXGroup section */

/* Begin PBXHeadersBuildPhase section */
		C7D5F1531DB0208200F5F4DD /* Headers */ = {
			isa = PBXHeadersBuildPhase;
			buildActionMask = 2147483647;
			files = (
				C734003E2047243E0040B1FE /* MOLFCMClient.h in Headers */,
			);
			runOnlyForDeploymentPostprocessing = 0;
		};
/* End PBXHeadersBuildPhase section */

/* Begin PBXNativeTarget section */
		C7671BF62031EDD7005EB525 /* test_client */ = {
			isa = PBXNativeTarget;
			buildConfigurationList = C7671BFD2031EDD7005EB525 /* Build configuration list for PBXNativeTarget "test_client" */;
			buildPhases = (
				C7671BF32031EDD7005EB525 /* Sources */,
				C7671BF42031EDD7005EB525 /* Frameworks */,
				C7671BF52031EDD7005EB525 /* CopyFiles */,
			);
			buildRules = (
			);
			dependencies = (
				C7340040204724700040B1FE /* PBXTargetDependency */,
			);
			name = test_client;
			productName = test_client;
			productReference = C7671BF72031EDD7005EB525 /* test_client */;
			productType = "com.apple.product-type.tool";
		};
		C7D5F1541DB0208200F5F4DD /* MOLFCMClient */ = {
			isa = PBXNativeTarget;
			buildConfigurationList = C7D5F15E1DB0208200F5F4DD /* Build configuration list for PBXNativeTarget "MOLFCMClient" */;
			buildPhases = (
				F12099089B8C289E02F43BFF /* [CP] Check Pods Manifest.lock */,
				C7D5F1511DB0208200F5F4DD /* Sources */,
				C7D5F1521DB0208200F5F4DD /* Frameworks */,
				C7D5F1531DB0208200F5F4DD /* Headers */,
				E96619398ABD1747972D60CB /* [CP] Copy Pods Resources */,
			);
			buildRules = (
			);
			dependencies = (
			);
			name = MOLFCMClient;
			productName = MOLFCMClient;
			productReference = C7D5F1551DB0208200F5F4DD /* libMOLFCMClient.dylib */;
			productType = "com.apple.product-type.library.dynamic";
		};
		C7D5F1661DB021F600F5F4DD /* MOLFCMClientTests */ = {
			isa = PBXNativeTarget;
			buildConfigurationList = C7D5F16F1DB021F600F5F4DD /* Build configuration list for PBXNativeTarget "MOLFCMClientTests" */;
			buildPhases = (
				486C416582D2BE7A51E5E9DE /* [CP] Check Pods Manifest.lock */,
				C7D5F1631DB021F600F5F4DD /* Sources */,
				C7D5F1641DB021F600F5F4DD /* Frameworks */,
				C7D5F1651DB021F600F5F4DD /* Resources */,
				397ACE6368A375E1A67EE4B1 /* [CP] Embed Pods Frameworks */,
				B510B3FE4A26F3A262D272B2 /* [CP] Copy Pods Resources */,
			);
			buildRules = (
			);
			dependencies = (
				C7D5F16E1DB021F600F5F4DD /* PBXTargetDependency */,
			);
			name = MOLFCMClientTests;
			productName = MOLFCMClientTests;
			productReference = C7D5F1671DB021F600F5F4DD /* MOLFCMClientTests.xctest */;
			productType = "com.apple.product-type.bundle.unit-test";
		};
/* End PBXNativeTarget section */

/* Begin PBXProject section */
		C7D5F14D1DB0208200F5F4DD /* Project object */ = {
			isa = PBXProject;
			attributes = {
				LastUpgradeCheck = 0920;
				ORGANIZATIONNAME = Google;
				TargetAttributes = {
					C7671BF62031EDD7005EB525 = {
						CreatedOnToolsVersion = 7.3.1;
					};
					C7D5F1541DB0208200F5F4DD = {
						CreatedOnToolsVersion = 7.3.1;
					};
					C7D5F1661DB021F600F5F4DD = {
						CreatedOnToolsVersion = 7.3.1;
					};
				};
			};
			buildConfigurationList = C7D5F1501DB0208200F5F4DD /* Build configuration list for PBXProject "MOLFCMClient" */;
			compatibilityVersion = "Xcode 3.2";
			developmentRegion = English;
			hasScannedForEncodings = 0;
			knownRegions = (
				en,
			);
			mainGroup = C7D5F14C1DB0208200F5F4DD;
			productRefGroup = C7D5F1561DB0208200F5F4DD /* Products */;
			projectDirPath = "";
			projectRoot = "";
			targets = (
				C7D5F1541DB0208200F5F4DD /* MOLFCMClient */,
				C7D5F1661DB021F600F5F4DD /* MOLFCMClientTests */,
				C7671BF62031EDD7005EB525 /* test_client */,
			);
		};
/* End PBXProject section */

/* Begin PBXResourcesBuildPhase section */
		C7D5F1651DB021F600F5F4DD /* Resources */ = {
			isa = PBXResourcesBuildPhase;
			buildActionMask = 2147483647;
			files = (
			);
			runOnlyForDeploymentPostprocessing = 0;
		};
/* End PBXResourcesBuildPhase section */

/* Begin PBXShellScriptBuildPhase section */
		397ACE6368A375E1A67EE4B1 /* [CP] Embed Pods Frameworks */ = {
			isa = PBXShellScriptBuildPhase;
			buildActionMask = 2147483647;
			files = (
			);
			inputPaths = (
			);
			name = "[CP] Embed Pods Frameworks";
			outputPaths = (
			);
			runOnlyForDeploymentPostprocessing = 0;
			shellPath = /bin/sh;
			shellScript = "\"${SRCROOT}/Pods/Target Support Files/Pods-MOLFCMClientTests/Pods-MOLFCMClientTests-frameworks.sh\"\n";
			showEnvVarsInLog = 0;
		};
		486C416582D2BE7A51E5E9DE /* [CP] Check Pods Manifest.lock */ = {
			isa = PBXShellScriptBuildPhase;
			buildActionMask = 2147483647;
			files = (
			);
			inputPaths = (
				"${PODS_PODFILE_DIR_PATH}/Podfile.lock",
				"${PODS_ROOT}/Manifest.lock",
			);
			name = "[CP] Check Pods Manifest.lock";
			outputPaths = (
				"$(DERIVED_FILE_DIR)/Pods-MOLFCMClientTests-checkManifestLockResult.txt",
			);
			runOnlyForDeploymentPostprocessing = 0;
			shellPath = /bin/sh;
			shellScript = "diff \"${PODS_PODFILE_DIR_PATH}/Podfile.lock\" \"${PODS_ROOT}/Manifest.lock\" > /dev/null\nif [ $? != 0 ] ; then\n    # print error to STDERR\n    echo \"error: The sandbox is not in sync with the Podfile.lock. Run 'pod install' or update your CocoaPods installation.\" >&2\n    exit 1\nfi\n# This output is used by Xcode 'outputs' to avoid re-running this script phase.\necho \"SUCCESS\" > \"${SCRIPT_OUTPUT_FILE_0}\"\n";
			showEnvVarsInLog = 0;
		};
		B510B3FE4A26F3A262D272B2 /* [CP] Copy Pods Resources */ = {
			isa = PBXShellScriptBuildPhase;
			buildActionMask = 2147483647;
			files = (
			);
			inputPaths = (
			);
			name = "[CP] Copy Pods Resources";
			outputPaths = (
			);
			runOnlyForDeploymentPostprocessing = 0;
			shellPath = /bin/sh;
			shellScript = "\"${SRCROOT}/Pods/Target Support Files/Pods-MOLFCMClientTests/Pods-MOLFCMClientTests-resources.sh\"\n";
			showEnvVarsInLog = 0;
		};
		E96619398ABD1747972D60CB /* [CP] Copy Pods Resources */ = {
			isa = PBXShellScriptBuildPhase;
			buildActionMask = 2147483647;
			files = (
			);
			inputPaths = (
			);
			name = "[CP] Copy Pods Resources";
			outputPaths = (
			);
			runOnlyForDeploymentPostprocessing = 0;
			shellPath = /bin/sh;
			shellScript = "\"${SRCROOT}/Pods/Target Support Files/Pods-MOLFCMClient/Pods-MOLFCMClient-resources.sh\"\n";
			showEnvVarsInLog = 0;
		};
		F12099089B8C289E02F43BFF /* [CP] Check Pods Manifest.lock */ = {
			isa = PBXShellScriptBuildPhase;
			buildActionMask = 2147483647;
			files = (
			);
			inputPaths = (
				"${PODS_PODFILE_DIR_PATH}/Podfile.lock",
				"${PODS_ROOT}/Manifest.lock",
			);
			name = "[CP] Check Pods Manifest.lock";
			outputPaths = (
				"$(DERIVED_FILE_DIR)/Pods-MOLFCMClient-checkManifestLockResult.txt",
			);
			runOnlyForDeploymentPostprocessing = 0;
			shellPath = /bin/sh;
			shellScript = "diff \"${PODS_PODFILE_DIR_PATH}/Podfile.lock\" \"${PODS_ROOT}/Manifest.lock\" > /dev/null\nif [ $? != 0 ] ; then\n    # print error to STDERR\n    echo \"error: The sandbox is not in sync with the Podfile.lock. Run 'pod install' or update your CocoaPods installation.\" >&2\n    exit 1\nfi\n# This output is used by Xcode 'outputs' to avoid re-running this script phase.\necho \"SUCCESS\" > \"${SCRIPT_OUTPUT_FILE_0}\"\n";
			showEnvVarsInLog = 0;
		};
/* End PBXShellScriptBuildPhase section */

/* Begin PBXSourcesBuildPhase section */
		C7671BF32031EDD7005EB525 /* Sources */ = {
			isa = PBXSourcesBuildPhase;
			buildActionMask = 2147483647;
			files = (
				C7671BFA2031EDD7005EB525 /* main.m in Sources */,
			);
			runOnlyForDeploymentPostprocessing = 0;
		};
		C7D5F1511DB0208200F5F4DD /* Sources */ = {
			isa = PBXSourcesBuildPhase;
			buildActionMask = 2147483647;
			files = (
				C734003D204724260040B1FE /* MOLFCMClient.m in Sources */,
			);
			runOnlyForDeploymentPostprocessing = 0;
		};
		C7D5F1631DB021F600F5F4DD /* Sources */ = {
			isa = PBXSourcesBuildPhase;
			buildActionMask = 2147483647;
			files = (
				C7D5F16A1DB021F600F5F4DD /* MOLFCMClientTests.m in Sources */,
			);
			runOnlyForDeploymentPostprocessing = 0;
		};
/* End PBXSourcesBuildPhase section */

/* Begin PBXTargetDependency section */
		C7340040204724700040B1FE /* PBXTargetDependency */ = {
			isa = PBXTargetDependency;
			target = C7D5F1541DB0208200F5F4DD /* MOLFCMClient */;
			targetProxy = C734003F204724700040B1FE /* PBXContainerItemProxy */;
		};
		C7D5F16E1DB021F600F5F4DD /* PBXTargetDependency */ = {
			isa = PBXTargetDependency;
			target = C7D5F1541DB0208200F5F4DD /* MOLFCMClient */;
			targetProxy = C7D5F16D1DB021F600F5F4DD /* PBXContainerItemProxy */;
		};
/* End PBXTargetDependency section */

/* Begin XCBuildConfiguration section */
		C7671BFB2031EDD7005EB525 /* Debug */ = {
			isa = XCBuildConfiguration;
			buildSettings = {
				PRODUCT_NAME = "$(TARGET_NAME)";
			};
			name = Debug;
		};
		C7671BFC2031EDD7005EB525 /* Release */ = {
			isa = XCBuildConfiguration;
			buildSettings = {
				PRODUCT_NAME = "$(TARGET_NAME)";
			};
			name = Release;
		};
		C7D5F15C1DB0208200F5F4DD /* Debug */ = {
			isa = XCBuildConfiguration;
			buildSettings = {
				ALWAYS_SEARCH_USER_PATHS = NO;
				CLANG_ANALYZER_NONNULL = YES;
				CLANG_CXX_LANGUAGE_STANDARD = "gnu++0x";
				CLANG_CXX_LIBRARY = "libc++";
				CLANG_ENABLE_MODULES = YES;
				CLANG_ENABLE_OBJC_ARC = YES;
				CLANG_WARN_BLOCK_CAPTURE_AUTORELEASING = YES;
				CLANG_WARN_BOOL_CONVERSION = YES;
				CLANG_WARN_COMMA = YES;
				CLANG_WARN_CONSTANT_CONVERSION = YES;
				CLANG_WARN_DIRECT_OBJC_ISA_USAGE = YES_ERROR;
				CLANG_WARN_EMPTY_BODY = YES;
				CLANG_WARN_ENUM_CONVERSION = YES;
				CLANG_WARN_INFINITE_RECURSION = YES;
				CLANG_WARN_INT_CONVERSION = YES;
				CLANG_WARN_NON_LITERAL_NULL_CONVERSION = YES;
				CLANG_WARN_OBJC_LITERAL_CONVERSION = YES;
				CLANG_WARN_OBJC_ROOT_CLASS = YES_ERROR;
				CLANG_WARN_RANGE_LOOP_ANALYSIS = YES;
				CLANG_WARN_STRICT_PROTOTYPES = YES;
				CLANG_WARN_SUSPICIOUS_MOVE = YES;
				CLANG_WARN_UNREACHABLE_CODE = YES;
				CLANG_WARN__DUPLICATE_METHOD_MATCH = YES;
				COPY_PHASE_STRIP = NO;
				DEBUG_INFORMATION_FORMAT = dwarf;
				ENABLE_STRICT_OBJC_MSGSEND = YES;
				ENABLE_TESTABILITY = YES;
				GCC_C_LANGUAGE_STANDARD = gnu99;
				GCC_DYNAMIC_NO_PIC = NO;
				GCC_NO_COMMON_BLOCKS = YES;
				GCC_OPTIMIZATION_LEVEL = 0;
				GCC_PREPROCESSOR_DEFINITIONS = (
					"DEBUG=1",
					"$(inherited)",
				);
				GCC_WARN_64_TO_32_BIT_CONVERSION = YES;
				GCC_WARN_ABOUT_RETURN_TYPE = YES_ERROR;
				GCC_WARN_UNDECLARED_SELECTOR = YES;
				GCC_WARN_UNINITIALIZED_AUTOS = YES_AGGRESSIVE;
				GCC_WARN_UNUSED_FUNCTION = YES;
				GCC_WARN_UNUSED_VARIABLE = YES;
				MACOSX_DEPLOYMENT_TARGET = 10.9;
				MTL_ENABLE_DEBUG_INFO = YES;
				ONLY_ACTIVE_ARCH = YES;
				SDKROOT = macosx;
			};
			name = Debug;
		};
		C7D5F15D1DB0208200F5F4DD /* Release */ = {
			isa = XCBuildConfiguration;
			buildSettings = {
				ALWAYS_SEARCH_USER_PATHS = NO;
				CLANG_ANALYZER_NONNULL = YES;
				CLANG_CXX_LANGUAGE_STANDARD = "gnu++0x";
				CLANG_CXX_LIBRARY = "libc++";
				CLANG_ENABLE_MODULES = YES;
				CLANG_ENABLE_OBJC_ARC = YES;
				CLANG_WARN_BLOCK_CAPTURE_AUTORELEASING = YES;
				CLANG_WARN_BOOL_CONVERSION = YES;
				CLANG_WARN_COMMA = YES;
				CLANG_WARN_CONSTANT_CONVERSION = YES;
				CLANG_WARN_DIRECT_OBJC_ISA_USAGE = YES_ERROR;
				CLANG_WARN_EMPTY_BODY = YES;
				CLANG_WARN_ENUM_CONVERSION = YES;
				CLANG_WARN_INFINITE_RECURSION = YES;
				CLANG_WARN_INT_CONVERSION = YES;
				CLANG_WARN_NON_LITERAL_NULL_CONVERSION = YES;
				CLANG_WARN_OBJC_LITERAL_CONVERSION = YES;
				CLANG_WARN_OBJC_ROOT_CLASS = YES_ERROR;
				CLANG_WARN_RANGE_LOOP_ANALYSIS = YES;
				CLANG_WARN_STRICT_PROTOTYPES = YES;
				CLANG_WARN_SUSPICIOUS_MOVE = YES;
				CLANG_WARN_UNREACHABLE_CODE = YES;
				CLANG_WARN__DUPLICATE_METHOD_MATCH = YES;
				COPY_PHASE_STRIP = NO;
				DEBUG_INFORMATION_FORMAT = "dwarf-with-dsym";
				ENABLE_NS_ASSERTIONS = NO;
				ENABLE_STRICT_OBJC_MSGSEND = YES;
				GCC_C_LANGUAGE_STANDARD = gnu99;
				GCC_NO_COMMON_BLOCKS = YES;
				GCC_WARN_64_TO_32_BIT_CONVERSION = YES;
				GCC_WARN_ABOUT_RETURN_TYPE = YES_ERROR;
				GCC_WARN_UNDECLARED_SELECTOR = YES;
				GCC_WARN_UNINITIALIZED_AUTOS = YES_AGGRESSIVE;
				GCC_WARN_UNUSED_FUNCTION = YES;
				GCC_WARN_UNUSED_VARIABLE = YES;
				MACOSX_DEPLOYMENT_TARGET = 10.9;
				MTL_ENABLE_DEBUG_INFO = NO;
				SDKROOT = macosx;
			};
			name = Release;
		};
		C7D5F15F1DB0208200F5F4DD /* Debug */ = {
			isa = XCBuildConfiguration;
			baseConfigurationReference = 2B9DBF2E1EC400C48AF21630 /* Pods-MOLFCMClient.debug.xcconfig */;
			buildSettings = {
				COMBINE_HIDPI_IMAGES = YES;
				DYLIB_COMPATIBILITY_VERSION = 1;
				DYLIB_CURRENT_VERSION = 1;
				EXECUTABLE_PREFIX = lib;
				PRODUCT_NAME = "$(TARGET_NAME)";
			};
			name = Debug;
		};
		C7D5F1601DB0208200F5F4DD /* Release */ = {
			isa = XCBuildConfiguration;
			baseConfigurationReference = 5DF6E32C51D2C24FEAE01A5C /* Pods-MOLFCMClient.release.xcconfig */;
			buildSettings = {
				COMBINE_HIDPI_IMAGES = YES;
				DYLIB_COMPATIBILITY_VERSION = 1;
				DYLIB_CURRENT_VERSION = 1;
				EXECUTABLE_PREFIX = lib;
				PRODUCT_NAME = "$(TARGET_NAME)";
			};
			name = Release;
		};
		C7D5F1701DB021F600F5F4DD /* Debug */ = {
			isa = XCBuildConfiguration;
			baseConfigurationReference = 8F37B52C9899F8948B22F59B /* Pods-MOLFCMClientTests.debug.xcconfig */;
			buildSettings = {
				COMBINE_HIDPI_IMAGES = YES;
				INFOPLIST_FILE = MOLFCMClientTests/Info.plist;
				LD_RUNPATH_SEARCH_PATHS = "$(inherited) @executable_path/../Frameworks @loader_path/../Frameworks";
				PRODUCT_BUNDLE_IDENTIFIER = com.google.corp.MOLFCMClientTests;
				PRODUCT_NAME = "$(TARGET_NAME)";
			};
			name = Debug;
		};
		C7D5F1711DB021F600F5F4DD /* Release */ = {
			isa = XCBuildConfiguration;
			baseConfigurationReference = 9ACF5FE480BE1B2122A53943 /* Pods-MOLFCMClientTests.release.xcconfig */;
			buildSettings = {
				COMBINE_HIDPI_IMAGES = YES;
				INFOPLIST_FILE = MOLFCMClientTests/Info.plist;
				LD_RUNPATH_SEARCH_PATHS = "$(inherited) @executable_path/../Frameworks @loader_path/../Frameworks";
				PRODUCT_BUNDLE_IDENTIFIER = com.google.corp.MOLFCMClientTests;
				PRODUCT_NAME = "$(TARGET_NAME)";
			};
			name = Release;
		};
/* End XCBuildConfiguration section */

/* Begin XCConfigurationList section */
		C7671BFD2031EDD7005EB525 /* Build configuration list for PBXNativeTarget "test_client" */ = {
			isa = XCConfigurationList;
			buildConfigurations = (
				C7671BFB2031EDD7005EB525 /* Debug */,
				C7671BFC2031EDD7005EB525 /* Release */,
			);
			defaultConfigurationIsVisible = 0;
			defaultConfigurationName = Release;
		};
		C7D5F1501DB0208200F5F4DD /* Build configuration list for PBXProject "MOLFCMClient" */ = {
			isa = XCConfigurationList;
			buildConfigurations = (
				C7D5F15C1DB0208200F5F4DD /* Debug */,
				C7D5F15D1DB0208200F5F4DD /* Release */,
			);
			defaultConfigurationIsVisible = 0;
			defaultConfigurationName = Release;
		};
		C7D5F15E1DB0208200F5F4DD /* Build configuration list for PBXNativeTarget "MOLFCMClient" */ = {
			isa = XCConfigurationList;
			buildConfigurations = (
				C7D5F15F1DB0208200F5F4DD /* Debug */,
				C7D5F1601DB0208200F5F4DD /* Release */,
			);
			defaultConfigurationIsVisible = 0;
			defaultConfigurationName = Release;
		};
		C7D5F16F1DB021F600F5F4DD /* Build configuration list for PBXNativeTarget "MOLFCMClientTests" */ = {
			isa = XCConfigurationList;
			buildConfigurations = (
				C7D5F1701DB021F600F5F4DD /* Debug */,
				C7D5F1711DB021F600F5F4DD /* Release */,
			);
			defaultConfigurationIsVisible = 0;
			defaultConfigurationName = Release;
		};
/* End XCConfigurationList section */
	};
	rootObject = C7D5F14D1DB0208200F5F4DD /* Project object */;
}
